
Microsoft Visual Studio Solution File, Format Version 12.00
# Visual Studio Version 17
VisualStudioVersion = 17.12.35527.113 d17.12
MinimumVisualStudioVersion = 10.0.40219.1
Project("{FAE04EC0-301F-11D3-BF4B-00C04F79EFBC}") = "WS_Avantius", "WS_Avantius.csproj", "{C63706DC-A22D-4543-9A5B-E288BBE28BDE}"
EndProject
Global
	GlobalSection(SolutionConfigurationPlatforms) = preSolution
		Debug|Any CPU = Debug|Any CPU
		Release|Any CPU = Release|Any CPU
	EndGlobalSection
	GlobalSection(ProjectConfigurationPlatforms) = postSolution
		{C63706DC-A22D-4543-9A5B-E288BBE28BDE}.Debug|Any CPU.ActiveCfg = Debug|Any CPU
		{C63706DC-A22D-4543-9A5B-E288BBE28BDE}.Debug|Any CPU.Build.0 = Debug|Any CPU
		{C63706DC-A22D-4543-9A5B-E288BBE28BDE}.Release|Any CPU.ActiveCfg = Release|Any CPU
		{C63706DC-A22D-4543-9A5B-E288BBE28BDE}.Release|Any CPU.Build.0 = Release|Any CPU
	EndGlobalSection
	GlobalSection(SolutionProperties) = preSolution
		HideSolutionNode = FALSE
	EndGlobalSection
EndGlobal
